
Microsoft Visual Studio Solution File, Format Version 12.00
# Visual Studio Version 17
VisualStudioVersion = 17.0.31903.59
MinimumVisualStudioVersion = 10.0.40219.1
Project("{2150E333-8FDC-42A3-9474-1A3956D46DE8}") = "src", "src", "{827E0CD3-B72D-47B6-A68D-7590B98EB39B}"
EndProject
Project("{FAE04EC0-301F-11D3-BF4B-00C04F79EFBC}") = "WileyWidget.Abstractions", "src\WileyWidget.Abstractions\WileyWidget.Abstractions.csproj", "{DE3C2F56-8973-40D1-BB35-DAF62FAFD019}"
EndProject
Project("{FAE04EC0-301F-11D3-BF4B-00C04F79EFBC}") = "WileyWidget.Business", "src\WileyWidget.Business\WileyWidget.Business.csproj", "{1132A06C-8C0B-406B-843A-040891C338A9}"
EndProject
Project("{FAE04EC0-301F-11D3-BF4B-00C04F79EFBC}") = "WileyWidget.Models", "src\WileyWidget.Models\WileyWidget.Models.csproj", "{1B17E653-34FD-4C90-B728-79C37C2B7C19}"
EndProject
Project("{FAE04EC0-301F-11D3-BF4B-00C04F79EFBC}") = "WileyWidget.Services.Abstractions", "src\WileyWidget.Services.Abstractions\WileyWidget.Services.Abstractions.csproj", "{935F1AE1-EEAD-484C-AB08-CE3FF49A2B24}"
EndProject
Project("{FAE04EC0-301F-11D3-BF4B-00C04F79EFBC}") = "WileyWidget.Data", "src\WileyWidget.Data\WileyWidget.Data.csproj", "{22A511E8-061E-4218-A316-911A97045334}"
EndProject
Project("{FAE04EC0-301F-11D3-BF4B-00C04F79EFBC}") = "WileyWidget.Services", "src\WileyWidget.Services\WileyWidget.Services.csproj", "{BC26A759-7A14-484C-95CE-CDA4FE9CE382}"
EndProject
Project("{FAE04EC0-301F-11D3-BF4B-00C04F79EFBC}") = "WileyWidget.Webhooks", "src\WileyWidget.Webhooks\WileyWidget.Webhooks.csproj", "{C64B126B-514A-4C9E-B049-0A75CC1D8488}"
EndProject
Project("{FAE04EC0-301F-11D3-BF4B-00C04F79EFBC}") = "WileyWidget.WinForms", "src\WileyWidget.WinForms\WileyWidget.WinForms.csproj", "{FB446B39-1F6B-41AD-99AD-0DD3C1B2190B}"
EndProject
Global
	GlobalSection(SolutionConfigurationPlatforms) = preSolution
		Debug|Any CPU = Debug|Any CPU
		Debug|x64 = Debug|x64
		Debug|x86 = Debug|x86
		Release|Any CPU = Release|Any CPU
		Release|x64 = Release|x64
		Release|x86 = Release|x86
	EndGlobalSection
	GlobalSection(ProjectConfigurationPlatforms) = postSolution
		{DE3C2F56-8973-40D1-BB35-DAF62FAFD019}.Debug|Any CPU.ActiveCfg = Debug|Any CPU
		{DE3C2F56-8973-40D1-BB35-DAF62FAFD019}.Debug|Any CPU.Build.0 = Debug|Any CPU
		{DE3C2F56-8973-40D1-BB35-DAF62FAFD019}.Debug|x64.ActiveCfg = Debug|x64
		{DE3C2F56-8973-40D1-BB35-DAF62FAFD019}.Debug|x64.Build.0 = Debug|x64
		{DE3C2F56-8973-40D1-BB35-DAF62FAFD019}.Debug|x86.ActiveCfg = Debug|Any CPU
		{DE3C2F56-8973-40D1-BB35-DAF62FAFD019}.Debug|x86.Build.0 = Debug|Any CPU
		{DE3C2F56-8973-40D1-BB35-DAF62FAFD019}.Release|Any CPU.ActiveCfg = Release|Any CPU
		{DE3C2F56-8973-40D1-BB35-DAF62FAFD019}.Release|Any CPU.Build.0 = Release|Any CPU
		{DE3C2F56-8973-40D1-BB35-DAF62FAFD019}.Release|x64.ActiveCfg = Release|x64
		{DE3C2F56-8973-40D1-BB35-DAF62FAFD019}.Release|x64.Build.0 = Release|x64
		{DE3C2F56-8973-40D1-BB35-DAF62FAFD019}.Release|x86.ActiveCfg = Release|Any CPU
		{DE3C2F56-8973-40D1-BB35-DAF62FAFD019}.Release|x86.Build.0 = Release|Any CPU
		{1132A06C-8C0B-406B-843A-040891C338A9}.Debug|Any CPU.ActiveCfg = Debug|Any CPU
		{1132A06C-8C0B-406B-843A-040891C338A9}.Debug|Any CPU.Build.0 = Debug|Any CPU
		{1132A06C-8C0B-406B-843A-040891C338A9}.Debug|x64.ActiveCfg = Debug|x64
		{1132A06C-8C0B-406B-843A-040891C338A9}.Debug|x64.Build.0 = Debug|x64
		{1132A06C-8C0B-406B-843A-040891C338A9}.Debug|x86.ActiveCfg = Debug|Any CPU
		{1132A06C-8C0B-406B-843A-040891C338A9}.Debug|x86.Build.0 = Debug|Any CPU
		{1132A06C-8C0B-406B-843A-040891C338A9}.Release|Any CPU.ActiveCfg = Release|Any CPU
		{1132A06C-8C0B-406B-843A-040891C338A9}.Release|Any CPU.Build.0 = Release|Any CPU
		{1132A06C-8C0B-406B-843A-040891C338A9}.Release|x64.ActiveCfg = Release|x64
		{1132A06C-8C0B-406B-843A-040891C338A9}.Release|x64.Build.0 = Release|x64
		{1132A06C-8C0B-406B-843A-040891C338A9}.Release|x86.ActiveCfg = Release|Any CPU
		{1132A06C-8C0B-406B-843A-040891C338A9}.Release|x86.Build.0 = Release|Any CPU
		{1B17E653-34FD-4C90-B728-79C37C2B7C19}.Debug|Any CPU.ActiveCfg = Debug|Any CPU
		{1B17E653-34FD-4C90-B728-79C37C2B7C19}.Debug|Any CPU.Build.0 = Debug|Any CPU
		{1B17E653-34FD-4C90-B728-79C37C2B7C19}.Debug|x64.ActiveCfg = Debug|Any CPU
		{1B17E653-34FD-4C90-B728-79C37C2B7C19}.Debug|x64.Build.0 = Debug|Any CPU
		{1B17E653-34FD-4C90-B728-79C37C2B7C19}.Debug|x86.ActiveCfg = Debug|Any CPU
		{1B17E653-34FD-4C90-B728-79C37C2B7C19}.Debug|x86.Build.0 = Debug|Any CPU
		{1B17E653-34FD-4C90-B728-79C37C2B7C19}.Release|Any CPU.ActiveCfg = Release|Any CPU
		{1B17E653-34FD-4C90-B728-79C37C2B7C19}.Release|Any CPU.Build.0 = Release|Any CPU
		{1B17E653-34FD-4C90-B728-79C37C2B7C19}.Release|x64.ActiveCfg = Release|Any CPU
		{1B17E653-34FD-4C90-B728-79C37C2B7C19}.Release|x64.Build.0 = Release|Any CPU
		{1B17E653-34FD-4C90-B728-79C37C2B7C19}.Release|x86.ActiveCfg = Release|Any CPU
		{1B17E653-34FD-4C90-B728-79C37C2B7C19}.Release|x86.Build.0 = Release|Any CPU
		{935F1AE1-EEAD-484C-AB08-CE3FF49A2B24}.Debug|Any CPU.ActiveCfg = Debug|Any CPU
		{935F1AE1-EEAD-484C-AB08-CE3FF49A2B24}.Debug|Any CPU.Build.0 = Debug|Any CPU
		{935F1AE1-EEAD-484C-AB08-CE3FF49A2B24}.Debug|x64.ActiveCfg = Debug|Any CPU
		{935F1AE1-EEAD-484C-AB08-CE3FF49A2B24}.Debug|x64.Build.0 = Debug|Any CPU
		{935F1AE1-EEAD-484C-AB08-CE3FF49A2B24}.Debug|x86.ActiveCfg = Debug|Any CPU
		{935F1AE1-EEAD-484C-AB08-CE3FF49A2B24}.Debug|x86.Build.0 = Debug|Any CPU
		{935F1AE1-EEAD-484C-AB08-CE3FF49A2B24}.Release|Any CPU.ActiveCfg = Release|Any CPU
		{935F1AE1-EEAD-484C-AB08-CE3FF49A2B24}.Release|Any CPU.Build.0 = Release|Any CPU
		{935F1AE1-EEAD-484C-AB08-CE3FF49A2B24}.Release|x64.ActiveCfg = Release|Any CPU
		{935F1AE1-EEAD-484C-AB08-CE3FF49A2B24}.Release|x64.Build.0 = Release|Any CPU
		{935F1AE1-EEAD-484C-AB08-CE3FF49A2B24}.Release|x86.ActiveCfg = Release|Any CPU
		{935F1AE1-EEAD-484C-AB08-CE3FF49A2B24}.Release|x86.Build.0 = Release|Any CPU
		{22A511E8-061E-4218-A316-911A97045334}.Debug|Any CPU.ActiveCfg = Debug|Any CPU
		{22A511E8-061E-4218-A316-911A97045334}.Debug|Any CPU.Build.0 = Debug|Any CPU
		{22A511E8-061E-4218-A316-911A97045334}.Debug|x64.ActiveCfg = Debug|Any CPU
		{22A511E8-061E-4218-A316-911A97045334}.Debug|x64.Build.0 = Debug|Any CPU
		{22A511E8-061E-4218-A316-911A97045334}.Debug|x86.ActiveCfg = Debug|Any CPU
		{22A511E8-061E-4218-A316-911A97045334}.Debug|x86.Build.0 = Debug|Any CPU
		{22A511E8-061E-4218-A316-911A97045334}.Release|Any CPU.ActiveCfg = Release|Any CPU
		{22A511E8-061E-4218-A316-911A97045334}.Release|Any CPU.Build.0 = Release|Any CPU
		{22A511E8-061E-4218-A316-911A97045334}.Release|x64.ActiveCfg = Release|Any CPU
		{22A511E8-061E-4218-A316-911A97045334}.Release|x64.Build.0 = Release|Any CPU
		{22A511E8-061E-4218-A316-911A97045334}.Release|x86.ActiveCfg = Release|Any CPU
		{22A511E8-061E-4218-A316-911A97045334}.Release|x86.Build.0 = Release|Any CPU
		{BC26A759-7A14-484C-95CE-CDA4FE9CE382}.Debug|Any CPU.ActiveCfg = Debug|Any CPU
		{BC26A759-7A14-484C-95CE-CDA4FE9CE382}.Debug|Any CPU.Build.0 = Debug|Any CPU
		{BC26A759-7A14-484C-95CE-CDA4FE9CE382}.Debug|x64.ActiveCfg = Debug|Any CPU
		{BC26A759-7A14-484C-95CE-CDA4FE9CE382}.Debug|x64.Build.0 = Debug|Any CPU
		{BC26A759-7A14-484C-95CE-CDA4FE9CE382}.Debug|x86.ActiveCfg = Debug|Any CPU
		{BC26A759-7A14-484C-95CE-CDA4FE9CE382}.Debug|x86.Build.0 = Debug|Any CPU
		{BC26A759-7A14-484C-95CE-CDA4FE9CE382}.Release|Any CPU.ActiveCfg = Release|Any CPU
		{BC26A759-7A14-484C-95CE-CDA4FE9CE382}.Release|Any CPU.Build.0 = Release|Any CPU
		{BC26A759-7A14-484C-95CE-CDA4FE9CE382}.Release|x64.ActiveCfg = Release|Any CPU
		{BC26A759-7A14-484C-95CE-CDA4FE9CE382}.Release|x64.Build.0 = Release|Any CPU
		{BC26A759-7A14-484C-95CE-CDA4FE9CE382}.Release|x86.ActiveCfg = Release|Any CPU
		{BC26A759-7A14-484C-95CE-CDA4FE9CE382}.Release|x86.Build.0 = Release|Any CPU
		{C64B126B-514A-4C9E-B049-0A75CC1D8488}.Debug|Any CPU.ActiveCfg = Debug|Any CPU
		{C64B126B-514A-4C9E-B049-0A75CC1D8488}.Debug|Any CPU.Build.0 = Debug|Any CPU
		{C64B126B-514A-4C9E-B049-0A75CC1D8488}.Debug|x64.ActiveCfg = Debug|Any CPU
		{C64B126B-514A-4C9E-B049-0A75CC1D8488}.Debug|x64.Build.0 = Debug|Any CPU
		{C64B126B-514A-4C9E-B049-0A75CC1D8488}.Debug|x86.ActiveCfg = Debug|Any CPU
		{C64B126B-514A-4C9E-B049-0A75CC1D8488}.Debug|x86.Build.0 = Debug|Any CPU
		{C64B126B-514A-4C9E-B049-0A75CC1D8488}.Release|Any CPU.ActiveCfg = Release|Any CPU
		{C64B126B-514A-4C9E-B049-0A75CC1D8488}.Release|Any CPU.Build.0 = Release|Any CPU
		{C64B126B-514A-4C9E-B049-0A75CC1D8488}.Release|x64.ActiveCfg = Release|Any CPU
		{C64B126B-514A-4C9E-B049-0A75CC1D8488}.Release|x64.Build.0 = Release|Any CPU
		{C64B126B-514A-4C9E-B049-0A75CC1D8488}.Release|x86.ActiveCfg = Release|Any CPU
		{C64B126B-514A-4C9E-B049-0A75CC1D8488}.Release|x86.Build.0 = Release|Any CPU
		{FB446B39-1F6B-41AD-99AD-0DD3C1B2190B}.Debug|Any CPU.ActiveCfg = Debug|Any CPU
		{FB446B39-1F6B-41AD-99AD-0DD3C1B2190B}.Debug|Any CPU.Build.0 = Debug|Any CPU
		{FB446B39-1F6B-41AD-99AD-0DD3C1B2190B}.Debug|x64.ActiveCfg = Debug|Any CPU
		{FB446B39-1F6B-41AD-99AD-0DD3C1B2190B}.Debug|x64.Build.0 = Debug|Any CPU
		{FB446B39-1F6B-41AD-99AD-0DD3C1B2190B}.Debug|x86.ActiveCfg = Debug|Any CPU
		{FB446B39-1F6B-41AD-99AD-0DD3C1B2190B}.Debug|x86.Build.0 = Debug|Any CPU
		{FB446B39-1F6B-41AD-99AD-0DD3C1B2190B}.Release|Any CPU.ActiveCfg = Release|Any CPU
		{FB446B39-1F6B-41AD-99AD-0DD3C1B2190B}.Release|Any CPU.Build.0 = Release|Any CPU
		{FB446B39-1F6B-41AD-99AD-0DD3C1B2190B}.Release|x64.ActiveCfg = Release|Any CPU
		{FB446B39-1F6B-41AD-99AD-0DD3C1B2190B}.Release|x64.Build.0 = Release|Any CPU
		{FB446B39-1F6B-41AD-99AD-0DD3C1B2190B}.Release|x86.ActiveCfg = Release|Any CPU
		{FB446B39-1F6B-41AD-99AD-0DD3C1B2190B}.Release|x86.Build.0 = Release|Any CPU
	EndGlobalSection
	GlobalSection(SolutionProperties) = preSolution
		HideSolutionNode = FALSE
	EndGlobalSection
	GlobalSection(NestedProjects) = preSolution
		{DE3C2F56-8973-40D1-BB35-DAF62FAFD019} = {827E0CD3-B72D-47B6-A68D-7590B98EB39B}
		{1132A06C-8C0B-406B-843A-040891C338A9} = {827E0CD3-B72D-47B6-A68D-7590B98EB39B}
		{1B17E653-34FD-4C90-B728-79C37C2B7C19} = {827E0CD3-B72D-47B6-A68D-7590B98EB39B}
		{935F1AE1-EEAD-484C-AB08-CE3FF49A2B24} = {827E0CD3-B72D-47B6-A68D-7590B98EB39B}
		{22A511E8-061E-4218-A316-911A97045334} = {827E0CD3-B72D-47B6-A68D-7590B98EB39B}
		{BC26A759-7A14-484C-95CE-CDA4FE9CE382} = {827E0CD3-B72D-47B6-A68D-7590B98EB39B}
		{C64B126B-514A-4C9E-B049-0A75CC1D8488} = {827E0CD3-B72D-47B6-A68D-7590B98EB39B}
		{FB446B39-1F6B-41AD-99AD-0DD3C1B2190B} = {827E0CD3-B72D-47B6-A68D-7590B98EB39B}
	EndGlobalSection
EndGlobal
