
Microsoft Visual Studio Solution File, Format Version 12.00
# Visual Studio Version 17
VisualStudioVersion = 17.0.31903.59
MinimumVisualStudioVersion = 10.0.40219.1
Project("{FAE04EC0-301F-11D3-BF4B-00C04F79EFBC}") = "WileyWidget", "src\WileyWidget\WileyWidget.csproj", "{08232EAA-D701-4145-969C-607B74EA470C}"
EndProject
Project("{FAE04EC0-301F-11D3-BF4B-00C04F79EFBC}") = "WileyWidget.Models", "src\WileyWidget.Models\WileyWidget.Models.csproj", "{BF47B6A4-27BF-43FB-B1D9-922A2576268A}"
EndProject
Project("{FAE04EC0-301F-11D3-BF4B-00C04F79EFBC}") = "WileyWidget.Data", "src\WileyWidget.Data\WileyWidget.Data.csproj", "{BBBDB5D8-D01C-4A98-A545-545598DA20EE}"
EndProject
Project("{FAE04EC0-301F-11D3-BF4B-00C04F79EFBC}") = "WileyWidget.Business", "src\WileyWidget.Business\WileyWidget.Business.csproj", "{5F30CD28-BF32-4804-AA91-E73AA0B6E2E3}"
EndProject
Project("{FAE04EC0-301F-11D3-BF4B-00C04F79EFBC}") = "WileyWidget.Services", "src\WileyWidget.Services\WileyWidget.Services.csproj", "{49075B38-4FDC-4C46-AF84-45AEDEEEA2FB}"
EndProject
Project("{FAE04EC0-301F-11D3-BF4B-00C04F79EFBC}") = "WileyWidget.Abstractions", "src\WileyWidget.Abstractions\WileyWidget.Abstractions.csproj", "{E8ED5FBD-A352-47BA-A642-811FC7BB53E7}"
EndProject
Project("{FAE04EC0-301F-11D3-BF4B-00C04F79EFBC}") = "WileyWidget.Services.Abstractions", "src\WileyWidget.Services.Abstractions\WileyWidget.Services.Abstractions.csproj", "{E8ED5FBD-A352-47BA-A642-811FC7BB53E8}"
EndProject
Project("{FAE04EC0-301F-11D3-BF4B-00C04F79EFBC}") = "WileyWidget.WinUI", "src\WileyWidget.WinUI\WileyWidget.WinUI.csproj", "{9A1B2C3D-4E5F-6789-0ABC-DEF123456789}"
EndProject
Project("{2150E333-8FDC-42A3-9474-1A3956D46DE8}") = "src", "src", "{827E0CD3-B72D-47B6-A68D-7590B98EB39B}"
EndProject
Project("{FAE04EC0-301F-11D3-BF4B-00C04F79EFBC}") = "SyncfusionMcpServer", "src\SyncfusionMcpServer\SyncfusionMcpServer.csproj", "{9A3DD812-C6BC-4B67-981F-769FFF826DB2}"
EndProject
Project("{FAE04EC0-301F-11D3-BF4B-00C04F79EFBC}") = "WileyWidget.Uno", "src\WileyWidget.Uno\WileyWidget.Uno.csproj", "{0C7C1D8E-0FBB-4EBD-B3CC-CD16368E4800}"
EndProject
Global
	GlobalSection(SolutionConfigurationPlatforms) = preSolution
		Debug|Any CPU = Debug|Any CPU
		Debug|x64 = Debug|x64
		Debug|x86 = Debug|x86
		Release|Any CPU = Release|Any CPU
		Release|x64 = Release|x64
		Release|x86 = Release|x86
	EndGlobalSection
	GlobalSection(ProjectConfigurationPlatforms) = postSolution
		{08232EAA-D701-4145-969C-607B74EA470C}.Debug|Any CPU.ActiveCfg = Debug|Any CPU
		{08232EAA-D701-4145-969C-607B74EA470C}.Debug|Any CPU.Build.0 = Debug|Any CPU
		{08232EAA-D701-4145-969C-607B74EA470C}.Debug|x64.ActiveCfg = Debug|Any CPU
		{08232EAA-D701-4145-969C-607B74EA470C}.Debug|x64.Build.0 = Debug|Any CPU
		{08232EAA-D701-4145-969C-607B74EA470C}.Debug|x86.ActiveCfg = Debug|Any CPU
		{08232EAA-D701-4145-969C-607B74EA470C}.Debug|x86.Build.0 = Debug|Any CPU
		{08232EAA-D701-4145-969C-607B74EA470C}.Release|Any CPU.ActiveCfg = Release|Any CPU
		{08232EAA-D701-4145-969C-607B74EA470C}.Release|Any CPU.Build.0 = Release|Any CPU
		{08232EAA-D701-4145-969C-607B74EA470C}.Release|x64.ActiveCfg = Release|Any CPU
		{08232EAA-D701-4145-969C-607B74EA470C}.Release|x64.Build.0 = Release|Any CPU
		{08232EAA-D701-4145-969C-607B74EA470C}.Release|x86.ActiveCfg = Release|Any CPU
		{08232EAA-D701-4145-969C-607B74EA470C}.Release|x86.Build.0 = Release|Any CPU
		{BF47B6A4-27BF-43FB-B1D9-922A2576268A}.Debug|Any CPU.ActiveCfg = Debug|Any CPU
		{BF47B6A4-27BF-43FB-B1D9-922A2576268A}.Debug|Any CPU.Build.0 = Debug|Any CPU
		{BF47B6A4-27BF-43FB-B1D9-922A2576268A}.Debug|x64.ActiveCfg = Debug|Any CPU
		{BF47B6A4-27BF-43FB-B1D9-922A2576268A}.Debug|x64.Build.0 = Debug|Any CPU
		{BF47B6A4-27BF-43FB-B1D9-922A2576268A}.Debug|x86.ActiveCfg = Debug|Any CPU
		{BF47B6A4-27BF-43FB-B1D9-922A2576268A}.Debug|x86.Build.0 = Debug|Any CPU
		{BF47B6A4-27BF-43FB-B1D9-922A2576268A}.Release|Any CPU.ActiveCfg = Release|Any CPU
		{BF47B6A4-27BF-43FB-B1D9-922A2576268A}.Release|Any CPU.Build.0 = Release|Any CPU
		{BF47B6A4-27BF-43FB-B1D9-922A2576268A}.Release|x64.ActiveCfg = Release|Any CPU
		{BF47B6A4-27BF-43FB-B1D9-922A2576268A}.Release|x64.Build.0 = Release|Any CPU
		{BF47B6A4-27BF-43FB-B1D9-922A2576268A}.Release|x86.ActiveCfg = Release|Any CPU
		{BF47B6A4-27BF-43FB-B1D9-922A2576268A}.Release|x86.Build.0 = Release|Any CPU
		{BBBDB5D8-D01C-4A98-A545-545598DA20EE}.Debug|Any CPU.ActiveCfg = Debug|Any CPU
		{BBBDB5D8-D01C-4A98-A545-545598DA20EE}.Debug|Any CPU.Build.0 = Debug|Any CPU
		{BBBDB5D8-D01C-4A98-A545-545598DA20EE}.Debug|x64.ActiveCfg = Debug|Any CPU
		{BBBDB5D8-D01C-4A98-A545-545598DA20EE}.Debug|x64.Build.0 = Debug|Any CPU
		{BBBDB5D8-D01C-4A98-A545-545598DA20EE}.Debug|x86.ActiveCfg = Debug|Any CPU
		{BBBDB5D8-D01C-4A98-A545-545598DA20EE}.Debug|x86.Build.0 = Debug|Any CPU
		{BBBDB5D8-D01C-4A98-A545-545598DA20EE}.Release|Any CPU.ActiveCfg = Release|Any CPU
		{BBBDB5D8-D01C-4A98-A545-545598DA20EE}.Release|Any CPU.Build.0 = Release|Any CPU
		{BBBDB5D8-D01C-4A98-A545-545598DA20EE}.Release|x64.ActiveCfg = Release|Any CPU
		{BBBDB5D8-D01C-4A98-A545-545598DA20EE}.Release|x64.Build.0 = Release|Any CPU
		{BBBDB5D8-D01C-4A98-A545-545598DA20EE}.Release|x86.ActiveCfg = Release|Any CPU
		{BBBDB5D8-D01C-4A98-A545-545598DA20EE}.Release|x86.Build.0 = Release|Any CPU
		{5F30CD28-BF32-4804-AA91-E73AA0B6E2E3}.Debug|Any CPU.ActiveCfg = Debug|Any CPU
		{5F30CD28-BF32-4804-AA91-E73AA0B6E2E3}.Debug|Any CPU.Build.0 = Debug|Any CPU
		{5F30CD28-BF32-4804-AA91-E73AA0B6E2E3}.Debug|x64.ActiveCfg = Debug|Any CPU
		{5F30CD28-BF32-4804-AA91-E73AA0B6E2E3}.Debug|x64.Build.0 = Debug|Any CPU
		{5F30CD28-BF32-4804-AA91-E73AA0B6E2E3}.Debug|x86.ActiveCfg = Debug|Any CPU
		{5F30CD28-BF32-4804-AA91-E73AA0B6E2E3}.Debug|x86.Build.0 = Debug|Any CPU
		{5F30CD28-BF32-4804-AA91-E73AA0B6E2E3}.Release|Any CPU.ActiveCfg = Release|Any CPU
		{5F30CD28-BF32-4804-AA91-E73AA0B6E2E3}.Release|Any CPU.Build.0 = Release|Any CPU
		{5F30CD28-BF32-4804-AA91-E73AA0B6E2E3}.Release|x64.ActiveCfg = Release|Any CPU
		{5F30CD28-BF32-4804-AA91-E73AA0B6E2E3}.Release|x64.Build.0 = Release|Any CPU
		{5F30CD28-BF32-4804-AA91-E73AA0B6E2E3}.Release|x86.ActiveCfg = Release|Any CPU
		{5F30CD28-BF32-4804-AA91-E73AA0B6E2E3}.Release|x86.Build.0 = Release|Any CPU
		{49075B38-4FDC-4C46-AF84-45AEDEEEA2FB}.Debug|Any CPU.ActiveCfg = Debug|Any CPU
		{49075B38-4FDC-4C46-AF84-45AEDEEEA2FB}.Debug|Any CPU.Build.0 = Debug|Any CPU
		{49075B38-4FDC-4C46-AF84-45AEDEEEA2FB}.Debug|x64.ActiveCfg = Debug|Any CPU
		{49075B38-4FDC-4C46-AF84-45AEDEEEA2FB}.Debug|x64.Build.0 = Debug|Any CPU
		{49075B38-4FDC-4C46-AF84-45AEDEEEA2FB}.Debug|x86.ActiveCfg = Debug|Any CPU
		{49075B38-4FDC-4C46-AF84-45AEDEEEA2FB}.Debug|x86.Build.0 = Debug|Any CPU
		{49075B38-4FDC-4C46-AF84-45AEDEEEA2FB}.Release|Any CPU.ActiveCfg = Release|Any CPU
		{49075B38-4FDC-4C46-AF84-45AEDEEEA2FB}.Release|Any CPU.Build.0 = Release|Any CPU
		{49075B38-4FDC-4C46-AF84-45AEDEEEA2FB}.Release|x64.ActiveCfg = Release|Any CPU
		{49075B38-4FDC-4C46-AF84-45AEDEEEA2FB}.Release|x64.Build.0 = Release|Any CPU
		{49075B38-4FDC-4C46-AF84-45AEDEEEA2FB}.Release|x86.ActiveCfg = Release|Any CPU
		{49075B38-4FDC-4C46-AF84-45AEDEEEA2FB}.Release|x86.Build.0 = Release|Any CPU
		{E8ED5FBD-A352-47BA-A642-811FC7BB53E7}.Debug|Any CPU.ActiveCfg = Debug|Any CPU
		{E8ED5FBD-A352-47BA-A642-811FC7BB53E7}.Debug|Any CPU.Build.0 = Debug|Any CPU
		{E8ED5FBD-A352-47BA-A642-811FC7BB53E7}.Debug|x64.ActiveCfg = Debug|Any CPU
		{E8ED5FBD-A352-47BA-A642-811FC7BB53E7}.Debug|x64.Build.0 = Debug|Any CPU
		{E8ED5FBD-A352-47BA-A642-811FC7BB53E7}.Debug|x86.ActiveCfg = Debug|Any CPU
		{E8ED5FBD-A352-47BA-A642-811FC7BB53E7}.Debug|x86.Build.0 = Debug|Any CPU
		{E8ED5FBD-A352-47BA-A642-811FC7BB53E7}.Release|Any CPU.ActiveCfg = Release|Any CPU
		{E8ED5FBD-A352-47BA-A642-811FC7BB53E7}.Release|Any CPU.Build.0 = Release|Any CPU
		{E8ED5FBD-A352-47BA-A642-811FC7BB53E7}.Release|x64.ActiveCfg = Release|Any CPU
		{E8ED5FBD-A352-47BA-A642-811FC7BB53E7}.Release|x64.Build.0 = Release|Any CPU
		{E8ED5FBD-A352-47BA-A642-811FC7BB53E7}.Release|x86.ActiveCfg = Release|Any CPU
		{E8ED5FBD-A352-47BA-A642-811FC7BB53E7}.Release|x86.Build.0 = Release|Any CPU
		{9A1B2C3D-4E5F-6789-0ABC-DEF123456789}.Debug|Any CPU.ActiveCfg = Debug|Any CPU
		{9A1B2C3D-4E5F-6789-0ABC-DEF123456789}.Debug|Any CPU.Build.0 = Debug|Any CPU
		{9A1B2C3D-4E5F-6789-0ABC-DEF123456789}.Debug|x64.ActiveCfg = Debug|x64
		{9A1B2C3D-4E5F-6789-0ABC-DEF123456789}.Debug|x64.Build.0 = Debug|x64
		{9A1B2C3D-4E5F-6789-0ABC-DEF123456789}.Debug|x86.ActiveCfg = Debug|x86
		{9A1B2C3D-4E5F-6789-0ABC-DEF123456789}.Debug|x86.Build.0 = Debug|x86
		{9A1B2C3D-4E5F-6789-0ABC-DEF123456789}.Release|Any CPU.ActiveCfg = Release|Any CPU
		{9A1B2C3D-4E5F-6789-0ABC-DEF123456789}.Release|Any CPU.Build.0 = Release|Any CPU
		{9A1B2C3D-4E5F-6789-0ABC-DEF123456789}.Release|x64.ActiveCfg = Release|x64
		{9A1B2C3D-4E5F-6789-0ABC-DEF123456789}.Release|x64.Build.0 = Release|x64
		{9A1B2C3D-4E5F-6789-0ABC-DEF123456789}.Release|x86.ActiveCfg = Release|x86
		{9A1B2C3D-4E5F-6789-0ABC-DEF123456789}.Release|x86.Build.0 = Release|x86
		{9A3DD812-C6BC-4B67-981F-769FFF826DB2}.Debug|Any CPU.ActiveCfg = Debug|Any CPU
		{9A3DD812-C6BC-4B67-981F-769FFF826DB2}.Debug|Any CPU.Build.0 = Debug|Any CPU
		{9A3DD812-C6BC-4B67-981F-769FFF826DB2}.Debug|x64.ActiveCfg = Debug|Any CPU
		{9A3DD812-C6BC-4B67-981F-769FFF826DB2}.Debug|x64.Build.0 = Debug|Any CPU
		{9A3DD812-C6BC-4B67-981F-769FFF826DB2}.Debug|x86.ActiveCfg = Debug|Any CPU
		{9A3DD812-C6BC-4B67-981F-769FFF826DB2}.Debug|x86.Build.0 = Debug|Any CPU
		{9A3DD812-C6BC-4B67-981F-769FFF826DB2}.Release|Any CPU.ActiveCfg = Release|Any CPU
		{9A3DD812-C6BC-4B67-981F-769FFF826DB2}.Release|Any CPU.Build.0 = Release|Any CPU
		{9A3DD812-C6BC-4B67-981F-769FFF826DB2}.Release|x64.ActiveCfg = Release|Any CPU
		{9A3DD812-C6BC-4B67-981F-769FFF826DB2}.Release|x64.Build.0 = Release|Any CPU
		{9A3DD812-C6BC-4B67-981F-769FFF826DB2}.Release|x86.ActiveCfg = Release|Any CPU
		{9A3DD812-C6BC-4B67-981F-769FFF826DB2}.Release|x86.Build.0 = Release|Any CPU
		{0C7C1D8E-0FBB-4EBD-B3CC-CD16368E4800}.Debug|Any CPU.ActiveCfg = Debug|x64
		{0C7C1D8E-0FBB-4EBD-B3CC-CD16368E4800}.Debug|Any CPU.Build.0 = Debug|x64
		{0C7C1D8E-0FBB-4EBD-B3CC-CD16368E4800}.Debug|x64.ActiveCfg = Debug|x64
		{0C7C1D8E-0FBB-4EBD-B3CC-CD16368E4800}.Debug|x64.Build.0 = Debug|x64
		{0C7C1D8E-0FBB-4EBD-B3CC-CD16368E4800}.Debug|x86.ActiveCfg = Debug|x64
		{0C7C1D8E-0FBB-4EBD-B3CC-CD16368E4800}.Debug|x86.Build.0 = Debug|x64
		{0C7C1D8E-0FBB-4EBD-B3CC-CD16368E4800}.Release|Any CPU.ActiveCfg = Release|x64
		{0C7C1D8E-0FBB-4EBD-B3CC-CD16368E4800}.Release|Any CPU.Build.0 = Release|x64
		{0C7C1D8E-0FBB-4EBD-B3CC-CD16368E4800}.Release|x64.ActiveCfg = Release|x64
		{0C7C1D8E-0FBB-4EBD-B3CC-CD16368E4800}.Release|x64.Build.0 = Release|x64
		{0C7C1D8E-0FBB-4EBD-B3CC-CD16368E4800}.Release|x86.ActiveCfg = Release|x64
		{0C7C1D8E-0FBB-4EBD-B3CC-CD16368E4800}.Release|x86.Build.0 = Release|x64
	EndGlobalSection
	GlobalSection(SolutionProperties) = preSolution
		HideSolutionNode = FALSE
	EndGlobalSection
	GlobalSection(NestedProjects) = preSolution
		{9A3DD812-C6BC-4B67-981F-769FFF826DB2} = {827E0CD3-B72D-47B6-A68D-7590B98EB39B}
		{0C7C1D8E-0FBB-4EBD-B3CC-CD16368E4800} = {827E0CD3-B72D-47B6-A68D-7590B98EB39B}
	EndGlobalSection
EndGlobal
