
Microsoft Visual Studio Solution File, Format Version 12.00
# Visual Studio Version 17
VisualStudioVersion = 17.0.31903.59
MinimumVisualStudioVersion = 10.0.40219.1
Project("{2150E333-8FDC-42A3-9474-1A3956D46DE8}") = "src", "src", "{827E0CD3-B72D-47B6-A68D-7590B98EB39B}"
EndProject
Project("{FAE04EC0-301F-11D3-BF4B-00C04F79EFBC}") = "WileyWidget.Abstractions", "src\WileyWidget.Abstractions\WileyWidget.Abstractions.csproj", "{5024F30F-7755-42C0-9C92-00F29E7C6708}"
EndProject
Project("{FAE04EC0-301F-11D3-BF4B-00C04F79EFBC}") = "WileyWidget.WinForms", "src\WileyWidget.WinForms\WileyWidget.WinForms.csproj", "{324C584D-F371-4459-93F7-58C2664B94AA}"
EndProject
Project("{FAE04EC0-301F-11D3-BF4B-00C04F79EFBC}") = "WileyWidget.Business", "src\WileyWidget.Business\WileyWidget.Business.csproj", "{BF1E83D8-18EF-4481-8A71-FD51775F9FBB}"
EndProject
Project("{FAE04EC0-301F-11D3-BF4B-00C04F79EFBC}") = "WileyWidget.Data", "src\WileyWidget.Data\WileyWidget.Data.csproj", "{E7C1F2BF-8804-44DF-B55D-30A82C65A337}"
EndProject
Project("{FAE04EC0-301F-11D3-BF4B-00C04F79EFBC}") = "WileyWidget.Models", "src\WileyWidget.Models\WileyWidget.Models.csproj", "{2824C335-3AEB-47F6-9D7C-9C6D43605244}"
EndProject
Project("{FAE04EC0-301F-11D3-BF4B-00C04F79EFBC}") = "WileyWidget.Services", "src\WileyWidget.Services\WileyWidget.Services.csproj", "{E502C486-9968-4663-AEF9-087959FC496D}"
EndProject
Project("{FAE04EC0-301F-11D3-BF4B-00C04F79EFBC}") = "WileyWidget.Services.Abstractions", "src\WileyWidget.Services.Abstractions\WileyWidget.Services.Abstractions.csproj", "{8B900CEA-468F-46A0-8D83-3435DFE4625C}"
EndProject
Global
	GlobalSection(SolutionConfigurationPlatforms) = preSolution
		Debug|Any CPU = Debug|Any CPU
		Debug|x64 = Debug|x64
		Debug|x86 = Debug|x86
		Release|Any CPU = Release|Any CPU
		Release|x64 = Release|x64
		Release|x86 = Release|x86
	EndGlobalSection
	GlobalSection(ProjectConfigurationPlatforms) = postSolution
		{5024F30F-7755-42C0-9C92-00F29E7C6708}.Debug|Any CPU.ActiveCfg = Debug|Any CPU
		{5024F30F-7755-42C0-9C92-00F29E7C6708}.Debug|Any CPU.Build.0 = Debug|Any CPU
		{5024F30F-7755-42C0-9C92-00F29E7C6708}.Debug|x64.ActiveCfg = Debug|x64
		{5024F30F-7755-42C0-9C92-00F29E7C6708}.Debug|x64.Build.0 = Debug|x64
		{5024F30F-7755-42C0-9C92-00F29E7C6708}.Debug|x86.ActiveCfg = Debug|Any CPU
		{5024F30F-7755-42C0-9C92-00F29E7C6708}.Debug|x86.Build.0 = Debug|Any CPU
		{5024F30F-7755-42C0-9C92-00F29E7C6708}.Release|Any CPU.ActiveCfg = Release|Any CPU
		{5024F30F-7755-42C0-9C92-00F29E7C6708}.Release|Any CPU.Build.0 = Release|Any CPU
		{5024F30F-7755-42C0-9C92-00F29E7C6708}.Release|x64.ActiveCfg = Release|x64
		{5024F30F-7755-42C0-9C92-00F29E7C6708}.Release|x64.Build.0 = Release|x64
		{5024F30F-7755-42C0-9C92-00F29E7C6708}.Release|x86.ActiveCfg = Release|Any CPU
		{5024F30F-7755-42C0-9C92-00F29E7C6708}.Release|x86.Build.0 = Release|Any CPU
		{324C584D-F371-4459-93F7-58C2664B94AA}.Debug|Any CPU.ActiveCfg = Debug|Any CPU
		{324C584D-F371-4459-93F7-58C2664B94AA}.Debug|Any CPU.Build.0 = Debug|Any CPU
		{324C584D-F371-4459-93F7-58C2664B94AA}.Debug|x64.ActiveCfg = Debug|Any CPU
		{324C584D-F371-4459-93F7-58C2664B94AA}.Debug|x64.Build.0 = Debug|Any CPU
		{324C584D-F371-4459-93F7-58C2664B94AA}.Debug|x86.ActiveCfg = Debug|Any CPU
		{324C584D-F371-4459-93F7-58C2664B94AA}.Debug|x86.Build.0 = Debug|Any CPU
		{324C584D-F371-4459-93F7-58C2664B94AA}.Release|Any CPU.ActiveCfg = Release|Any CPU
		{324C584D-F371-4459-93F7-58C2664B94AA}.Release|Any CPU.Build.0 = Release|Any CPU
		{324C584D-F371-4459-93F7-58C2664B94AA}.Release|x64.ActiveCfg = Release|Any CPU
		{324C584D-F371-4459-93F7-58C2664B94AA}.Release|x64.Build.0 = Release|Any CPU
		{324C584D-F371-4459-93F7-58C2664B94AA}.Release|x86.ActiveCfg = Release|Any CPU
		{324C584D-F371-4459-93F7-58C2664B94AA}.Release|x86.Build.0 = Release|Any CPU
		{BF1E83D8-18EF-4481-8A71-FD51775F9FBB}.Debug|Any CPU.ActiveCfg = Debug|Any CPU
		{BF1E83D8-18EF-4481-8A71-FD51775F9FBB}.Debug|Any CPU.Build.0 = Debug|Any CPU
		{BF1E83D8-18EF-4481-8A71-FD51775F9FBB}.Debug|x64.ActiveCfg = Debug|x64
		{BF1E83D8-18EF-4481-8A71-FD51775F9FBB}.Debug|x64.Build.0 = Debug|x64
		{BF1E83D8-18EF-4481-8A71-FD51775F9FBB}.Debug|x86.ActiveCfg = Debug|Any CPU
		{BF1E83D8-18EF-4481-8A71-FD51775F9FBB}.Debug|x86.Build.0 = Debug|Any CPU
		{BF1E83D8-18EF-4481-8A71-FD51775F9FBB}.Release|Any CPU.ActiveCfg = Release|Any CPU
		{BF1E83D8-18EF-4481-8A71-FD51775F9FBB}.Release|Any CPU.Build.0 = Release|Any CPU
		{BF1E83D8-18EF-4481-8A71-FD51775F9FBB}.Release|x64.ActiveCfg = Release|x64
		{BF1E83D8-18EF-4481-8A71-FD51775F9FBB}.Release|x64.Build.0 = Release|x64
		{BF1E83D8-18EF-4481-8A71-FD51775F9FBB}.Release|x86.ActiveCfg = Release|Any CPU
		{BF1E83D8-18EF-4481-8A71-FD51775F9FBB}.Release|x86.Build.0 = Release|Any CPU
		{E7C1F2BF-8804-44DF-B55D-30A82C65A337}.Debug|Any CPU.ActiveCfg = Debug|Any CPU
		{E7C1F2BF-8804-44DF-B55D-30A82C65A337}.Debug|Any CPU.Build.0 = Debug|Any CPU
		{E7C1F2BF-8804-44DF-B55D-30A82C65A337}.Debug|x64.ActiveCfg = Debug|Any CPU
		{E7C1F2BF-8804-44DF-B55D-30A82C65A337}.Debug|x64.Build.0 = Debug|Any CPU
		{E7C1F2BF-8804-44DF-B55D-30A82C65A337}.Debug|x86.ActiveCfg = Debug|Any CPU
		{E7C1F2BF-8804-44DF-B55D-30A82C65A337}.Debug|x86.Build.0 = Debug|Any CPU
		{E7C1F2BF-8804-44DF-B55D-30A82C65A337}.Release|Any CPU.ActiveCfg = Release|Any CPU
		{E7C1F2BF-8804-44DF-B55D-30A82C65A337}.Release|Any CPU.Build.0 = Release|Any CPU
		{E7C1F2BF-8804-44DF-B55D-30A82C65A337}.Release|x64.ActiveCfg = Release|Any CPU
		{E7C1F2BF-8804-44DF-B55D-30A82C65A337}.Release|x64.Build.0 = Release|Any CPU
		{E7C1F2BF-8804-44DF-B55D-30A82C65A337}.Release|x86.ActiveCfg = Release|Any CPU
		{E7C1F2BF-8804-44DF-B55D-30A82C65A337}.Release|x86.Build.0 = Release|Any CPU
		{2824C335-3AEB-47F6-9D7C-9C6D43605244}.Debug|Any CPU.ActiveCfg = Debug|Any CPU
		{2824C335-3AEB-47F6-9D7C-9C6D43605244}.Debug|Any CPU.Build.0 = Debug|Any CPU
		{2824C335-3AEB-47F6-9D7C-9C6D43605244}.Debug|x64.ActiveCfg = Debug|Any CPU
		{2824C335-3AEB-47F6-9D7C-9C6D43605244}.Debug|x64.Build.0 = Debug|Any CPU
		{2824C335-3AEB-47F6-9D7C-9C6D43605244}.Debug|x86.ActiveCfg = Debug|Any CPU
		{2824C335-3AEB-47F6-9D7C-9C6D43605244}.Debug|x86.Build.0 = Debug|Any CPU
		{2824C335-3AEB-47F6-9D7C-9C6D43605244}.Release|Any CPU.ActiveCfg = Release|Any CPU
		{2824C335-3AEB-47F6-9D7C-9C6D43605244}.Release|Any CPU.Build.0 = Release|Any CPU
		{2824C335-3AEB-47F6-9D7C-9C6D43605244}.Release|x64.ActiveCfg = Release|Any CPU
		{2824C335-3AEB-47F6-9D7C-9C6D43605244}.Release|x64.Build.0 = Release|Any CPU
		{2824C335-3AEB-47F6-9D7C-9C6D43605244}.Release|x86.ActiveCfg = Release|Any CPU
		{2824C335-3AEB-47F6-9D7C-9C6D43605244}.Release|x86.Build.0 = Release|Any CPU
		{E502C486-9968-4663-AEF9-087959FC496D}.Debug|Any CPU.ActiveCfg = Debug|Any CPU
		{E502C486-9968-4663-AEF9-087959FC496D}.Debug|Any CPU.Build.0 = Debug|Any CPU
		{E502C486-9968-4663-AEF9-087959FC496D}.Debug|x64.ActiveCfg = Debug|Any CPU
		{E502C486-9968-4663-AEF9-087959FC496D}.Debug|x64.Build.0 = Debug|Any CPU
		{E502C486-9968-4663-AEF9-087959FC496D}.Debug|x86.ActiveCfg = Debug|Any CPU
		{E502C486-9968-4663-AEF9-087959FC496D}.Debug|x86.Build.0 = Debug|Any CPU
		{E502C486-9968-4663-AEF9-087959FC496D}.Release|Any CPU.ActiveCfg = Release|Any CPU
		{E502C486-9968-4663-AEF9-087959FC496D}.Release|Any CPU.Build.0 = Release|Any CPU
		{E502C486-9968-4663-AEF9-087959FC496D}.Release|x64.ActiveCfg = Release|Any CPU
		{E502C486-9968-4663-AEF9-087959FC496D}.Release|x64.Build.0 = Release|Any CPU
		{E502C486-9968-4663-AEF9-087959FC496D}.Release|x86.ActiveCfg = Release|Any CPU
		{E502C486-9968-4663-AEF9-087959FC496D}.Release|x86.Build.0 = Release|Any CPU
		{8B900CEA-468F-46A0-8D83-3435DFE4625C}.Debug|Any CPU.ActiveCfg = Debug|Any CPU
		{8B900CEA-468F-46A0-8D83-3435DFE4625C}.Debug|Any CPU.Build.0 = Debug|Any CPU
		{8B900CEA-468F-46A0-8D83-3435DFE4625C}.Debug|x64.ActiveCfg = Debug|Any CPU
		{8B900CEA-468F-46A0-8D83-3435DFE4625C}.Debug|x64.Build.0 = Debug|Any CPU
		{8B900CEA-468F-46A0-8D83-3435DFE4625C}.Debug|x86.ActiveCfg = Debug|Any CPU
		{8B900CEA-468F-46A0-8D83-3435DFE4625C}.Debug|x86.Build.0 = Debug|Any CPU
		{8B900CEA-468F-46A0-8D83-3435DFE4625C}.Release|Any CPU.ActiveCfg = Release|Any CPU
		{8B900CEA-468F-46A0-8D83-3435DFE4625C}.Release|Any CPU.Build.0 = Release|Any CPU
		{8B900CEA-468F-46A0-8D83-3435DFE4625C}.Release|x64.ActiveCfg = Release|Any CPU
		{8B900CEA-468F-46A0-8D83-3435DFE4625C}.Release|x64.Build.0 = Release|Any CPU
		{8B900CEA-468F-46A0-8D83-3435DFE4625C}.Release|x86.ActiveCfg = Release|Any CPU
		{8B900CEA-468F-46A0-8D83-3435DFE4625C}.Release|x86.Build.0 = Release|Any CPU
	EndGlobalSection
	GlobalSection(SolutionProperties) = preSolution
		HideSolutionNode = FALSE
	EndGlobalSection
	GlobalSection(NestedProjects) = preSolution
		{5024F30F-7755-42C0-9C92-00F29E7C6708} = {827E0CD3-B72D-47B6-A68D-7590B98EB39B}
		{324C584D-F371-4459-93F7-58C2664B94AA} = {827E0CD3-B72D-47B6-A68D-7590B98EB39B}
		{BF1E83D8-18EF-4481-8A71-FD51775F9FBB} = {827E0CD3-B72D-47B6-A68D-7590B98EB39B}
		{E7C1F2BF-8804-44DF-B55D-30A82C65A337} = {827E0CD3-B72D-47B6-A68D-7590B98EB39B}
		{2824C335-3AEB-47F6-9D7C-9C6D43605244} = {827E0CD3-B72D-47B6-A68D-7590B98EB39B}
		{E502C486-9968-4663-AEF9-087959FC496D} = {827E0CD3-B72D-47B6-A68D-7590B98EB39B}
		{8B900CEA-468F-46A0-8D83-3435DFE4625C} = {827E0CD3-B72D-47B6-A68D-7590B98EB39B}
	EndGlobalSection
EndGlobal
