{
  "version": 1,
  "dependencies": {
    "net9.0-windows10.0.26100": {
      "Prism.Core": {
        "type": "Direct",
        "requested": "(, )",
        "resolved": "6.0.0",
        "contentHash": "g+3ot3wloIAYHJOWDA21SiiUgv0ZNfKlXaq5Tt0xi0C1Faj7UHYSr28cAY+CtVwunItcDjd7ExiUh4C6kNZQdQ=="
      }
    },
    "net9.0-windows10.0.26100/win-x64": {}
  }
}