{
  "version": 1,
  "dependencies": {
    "net9.0-windows10.0.26100": {
      "Prism.Core": {
        "type": "Direct",
        "requested": "[8.1.97, )",
        "resolved": "8.1.97",
        "contentHash": "EP5zrvWddw3eSq25Y7hHnDYdmLZEC2Z/gMrvmHzUuLbitmA1UaS7wQUlSwNr9Km8lzJNCvytFnaGBEFukHgoHg=="
      }
    },
    "net9.0-windows10.0.26100/win-x64": {}
  }
}